
Microsoft Visual Studio Solution File, Format Version 12.00
# Visual Studio Version 17
VisualStudioVersion = 17.10.35013.160
MinimumVisualStudioVersion = 10.0.40219.1
Project("{9A19103F-16F7-4668-BE54-9A1E7A4F7556}") = "BulletinBoard", "BulletinBoard.csproj", "{B495B69D-B1BB-43FB-95D2-8C2B90635776}"
EndProject
Global
	GlobalSection(SolutionConfigurationPlatforms) = preSolution
		Debug|Any CPU = Debug|Any CPU
		Release|Any CPU = Release|Any CPU
	EndGlobalSection
	GlobalSection(ProjectConfigurationPlatforms) = postSolution
		{B495B69D-B1BB-43FB-95D2-8C2B90635776}.Debug|Any CPU.ActiveCfg = Debug|Any CPU
		{B495B69D-B1BB-43FB-95D2-8C2B90635776}.Debug|Any CPU.Build.0 = Debug|Any CPU
		{B495B69D-B1BB-43FB-95D2-8C2B90635776}.Release|Any CPU.ActiveCfg = Release|Any CPU
		{B495B69D-B1BB-43FB-95D2-8C2B90635776}.Release|Any CPU.Build.0 = Release|Any CPU
	EndGlobalSection
	GlobalSection(SolutionProperties) = preSolution
		HideSolutionNode = FALSE
	EndGlobalSection
	GlobalSection(ExtensibilityGlobals) = postSolution
		SolutionGuid = {EEA61893-DB8A-4BE8-826B-49A15212643A}
	EndGlobalSection
EndGlobal
